
Microsoft Visual Studio Solution File, Format Version 12.00
# Visual Studio 15
VisualStudioVersion = 15.0.27130.2010
MinimumVisualStudioVersion = 10.0.40219.1
Project("{8BC9CEB8-8B4A-11D0-8D11-00A0C91BC942}") = "geeks", "geeks\geeks.vcxproj", "{8B9BCC33-D0D1-4E33-98D8-D7EFE3712757}"
EndProject
Global
	GlobalSection(SolutionConfigurationPlatforms) = preSolution
		Debug|x64 = Debug|x64
		Debug|x86 = Debug|x86
		Release|x64 = Release|x64
		Release|x86 = Release|x86
	EndGlobalSection
	GlobalSection(ProjectConfigurationPlatforms) = postSolution
		{8B9BCC33-D0D1-4E33-98D8-D7EFE3712757}.Debug|x64.ActiveCfg = Debug|x64
		{8B9BCC33-D0D1-4E33-98D8-D7EFE3712757}.Debug|x64.Build.0 = Debug|x64
		{8B9BCC33-D0D1-4E33-98D8-D7EFE3712757}.Debug|x86.ActiveCfg = Debug|Win32
		{8B9BCC33-D0D1-4E33-98D8-D7EFE3712757}.Debug|x86.Build.0 = Debug|Win32
		{8B9BCC33-D0D1-4E33-98D8-D7EFE3712757}.Release|x64.ActiveCfg = Release|x64
		{8B9BCC33-D0D1-4E33-98D8-D7EFE3712757}.Release|x64.Build.0 = Release|x64
		{8B9BCC33-D0D1-4E33-98D8-D7EFE3712757}.Release|x86.ActiveCfg = Release|Win32
		{8B9BCC33-D0D1-4E33-98D8-D7EFE3712757}.Release|x86.Build.0 = Release|Win32
	EndGlobalSection
	GlobalSection(SolutionProperties) = preSolution
		HideSolutionNode = FALSE
	EndGlobalSection
	GlobalSection(ExtensibilityGlobals) = postSolution
		SolutionGuid = {E277DBA0-60D3-4F3C-B3A0-FB1D702DC120}
	EndGlobalSection
EndGlobal
